// !$*UTF8*$!
{
	archiveVersion = 1;
	classes = {
	};
	objectVersion = 46;
	objects = {

/* Begin PBXBuildFile section */
		2707551F1C16BF2400F23BF2 /* AJPlayerCollectionViewCell.m in Sources */ = {isa = PBXBuildFile; fileRef = 2707551E1C16BF2400F23BF2 /* AJPlayerCollectionViewCell.m */; };
		2707E3F41B95CD650028F09E /* main.m in Sources */ = {isa = PBXBuildFile; fileRef = 2707E3F31B95CD650028F09E /* main.m */; };
		2707E3F71B95CD650028F09E /* AppDelegate.m in Sources */ = {isa = PBXBuildFile; fileRef = 2707E3F61B95CD650028F09E /* AppDelegate.m */; };
		2707E3FA1B95CD650028F09E /* Scoruri.xcdatamodeld in Sources */ = {isa = PBXBuildFile; fileRef = 2707E3F81B95CD650028F09E /* Scoruri.xcdatamodeld */; };
		2707E3FD1B95CD650028F09E /* ViewController.m in Sources */ = {isa = PBXBuildFile; fileRef = 2707E3FC1B95CD650028F09E /* ViewController.m */; };
		2707E4001B95CD650028F09E /* Main.storyboard in Resources */ = {isa = PBXBuildFile; fileRef = 2707E3FE1B95CD650028F09E /* Main.storyboard */; };
		2707E4021B95CD650028F09E /* Images.xcassets in Resources */ = {isa = PBXBuildFile; fileRef = 2707E4011B95CD650028F09E /* Images.xcassets */; };
		2707E4051B95CD650028F09E /* LaunchScreen.xib in Resources */ = {isa = PBXBuildFile; fileRef = 2707E4031B95CD650028F09E /* LaunchScreen.xib */; };
		2707E4111B95CD650028F09E /* ScoruriTests.m in Sources */ = {isa = PBXBuildFile; fileRef = 2707E4101B95CD650028F09E /* ScoruriTests.m */; };
		2707E4321B95D60A0028F09E /* AJGame.m in Sources */ = {isa = PBXBuildFile; fileRef = 2707E42D1B95D60A0028F09E /* AJGame.m */; };
		2707E4331B95D60A0028F09E /* AJPlayer.m in Sources */ = {isa = PBXBuildFile; fileRef = 2707E42F1B95D60A0028F09E /* AJPlayer.m */; };
		2707E4341B95D60A0028F09E /* AJScore.m in Sources */ = {isa = PBXBuildFile; fileRef = 2707E4311B95D60A0028F09E /* AJScore.m */; };
		2707E4391B95DBB50028F09E /* AJScoresManager.m in Sources */ = {isa = PBXBuildFile; fileRef = 2707E4381B95DBB50028F09E /* AJScoresManager.m */; };
		27300F691BB95E5500E3F184 /* VerticalScoresView.xib in Resources */ = {isa = PBXBuildFile; fileRef = 27300F681BB95E5500E3F184 /* VerticalScoresView.xib */; };
		27300F6B1BB95EE600E3F184 /* AJVerticalScoresView.m in Sources */ = {isa = PBXBuildFile; fileRef = 27300F6A1BB95EE600E3F184 /* AJVerticalScoresView.m */; };
		27300F701BB9709C00E3F184 /* AJPlayersScrollViewController.m in Sources */ = {isa = PBXBuildFile; fileRef = 27300F6F1BB9709C00E3F184 /* AJPlayersScrollViewController.m */; };
		274AFEFE1C19BB6B0003C78B /* AJPlayerHeaderView.m in Sources */ = {isa = PBXBuildFile; fileRef = 274AFEFD1C19BB6B0003C78B /* AJPlayerHeaderView.m */; };
		27842BC51BD7D13E00D2FE5C /* AJScoreTableViewCell.m in Sources */ = {isa = PBXBuildFile; fileRef = 27842BC41BD7D13E00D2FE5C /* AJScoreTableViewCell.m */; };
		2786861E1B9DE0B800CB3ED2 /* AJGame+Additions.m in Sources */ = {isa = PBXBuildFile; fileRef = 2786861D1B9DE0B800CB3ED2 /* AJGame+Additions.m */; };
		27C8F9311B99C3C100B5A39A /* AJPlayersTableViewController.m in Sources */ = {isa = PBXBuildFile; fileRef = 27C8F9301B99C3C100B5A39A /* AJPlayersTableViewController.m */; };
		27C8F9341B99CE4B00B5A39A /* AJScoresTableViewController.m in Sources */ = {isa = PBXBuildFile; fileRef = 27C8F9331B99CE4B00B5A39A /* AJScoresTableViewController.m */; };
		27CE392A1B974C9A006E4EB9 /* AJGamesTableViewController.m in Sources */ = {isa = PBXBuildFile; fileRef = 27CE39291B974C9A006E4EB9 /* AJGamesTableViewController.m */; };
		27DE76911BDFD55600376FFB /* AJGameCollectionViewController.m in Sources */ = {isa = PBXBuildFile; fileRef = 27DE76901BDFD55600376FFB /* AJGameCollectionViewController.m */; };
		27EBD1DF1B9EB186005FE0A5 /* AJPlayer+Additions.m in Sources */ = {isa = PBXBuildFile; fileRef = 27EBD1DE1B9EB186005FE0A5 /* AJPlayer+Additions.m */; };
		27EBD1E21B9EB329005FE0A5 /* AJScore+Additions.m in Sources */ = {isa = PBXBuildFile; fileRef = 27EBD1E11B9EB329005FE0A5 /* AJScore+Additions.m */; };
		27F200121BDA5E5B00ABE020 /* CenteredTextCell.xib in Resources */ = {isa = PBXBuildFile; fileRef = 27F200111BDA5E5B00ABE020 /* CenteredTextCell.xib */; };
/* End PBXBuildFile section */

/* Begin PBXContainerItemProxy section */
		2707E40B1B95CD650028F09E /* PBXContainerItemProxy */ = {
			isa = PBXContainerItemProxy;
			containerPortal = 2707E3E61B95CD650028F09E /* Project object */;
			proxyType = 1;
			remoteGlobalIDString = 2707E3ED1B95CD650028F09E;
			remoteInfo = Scoruri;
		};
/* End PBXContainerItemProxy section */

/* Begin PBXFileReference section */
		2707551D1C16BF2400F23BF2 /* AJPlayerCollectionViewCell.h */ = {isa = PBXFileReference; fileEncoding = 4; lastKnownFileType = sourcecode.c.h; path = AJPlayerCollectionViewCell.h; sourceTree = "<group>"; };
		2707551E1C16BF2400F23BF2 /* AJPlayerCollectionViewCell.m */ = {isa = PBXFileReference; fileEncoding = 4; lastKnownFileType = sourcecode.c.objc; path = AJPlayerCollectionViewCell.m; sourceTree = "<group>"; };
		2707E3EE1B95CD650028F09E /* Scoruri.app */ = {isa = PBXFileReference; explicitFileType = wrapper.application; includeInIndex = 0; path = Scoruri.app; sourceTree = BUILT_PRODUCTS_DIR; };
		2707E3F21B95CD650028F09E /* Info.plist */ = {isa = PBXFileReference; lastKnownFileType = text.plist.xml; path = Info.plist; sourceTree = "<group>"; };
		2707E3F31B95CD650028F09E /* main.m */ = {isa = PBXFileReference; lastKnownFileType = sourcecode.c.objc; path = main.m; sourceTree = "<group>"; };
		2707E3F51B95CD650028F09E /* AppDelegate.h */ = {isa = PBXFileReference; lastKnownFileType = sourcecode.c.h; path = AppDelegate.h; sourceTree = "<group>"; };
		2707E3F61B95CD650028F09E /* AppDelegate.m */ = {isa = PBXFileReference; lastKnownFileType = sourcecode.c.objc; path = AppDelegate.m; sourceTree = "<group>"; };
		2707E3F91B95CD650028F09E /* Scoruri.xcdatamodel */ = {isa = PBXFileReference; lastKnownFileType = wrapper.xcdatamodel; path = Scoruri.xcdatamodel; sourceTree = "<group>"; };
		2707E3FB1B95CD650028F09E /* ViewController.h */ = {isa = PBXFileReference; lastKnownFileType = sourcecode.c.h; path = ViewController.h; sourceTree = "<group>"; };
		2707E3FC1B95CD650028F09E /* ViewController.m */ = {isa = PBXFileReference; lastKnownFileType = sourcecode.c.objc; path = ViewController.m; sourceTree = "<group>"; };
		2707E3FF1B95CD650028F09E /* Base */ = {isa = PBXFileReference; lastKnownFileType = file.storyboard; name = Base; path = Base.lproj/Main.storyboard; sourceTree = "<group>"; };
		2707E4011B95CD650028F09E /* Images.xcassets */ = {isa = PBXFileReference; lastKnownFileType = folder.assetcatalog; path = Images.xcassets; sourceTree = "<group>"; };
		2707E4041B95CD650028F09E /* Base */ = {isa = PBXFileReference; lastKnownFileType = file.xib; name = Base; path = Base.lproj/LaunchScreen.xib; sourceTree = "<group>"; };
		2707E40A1B95CD650028F09E /* ScoruriTests.xctest */ = {isa = PBXFileReference; explicitFileType = wrapper.cfbundle; includeInIndex = 0; path = ScoruriTests.xctest; sourceTree = BUILT_PRODUCTS_DIR; };
		2707E40F1B95CD650028F09E /* Info.plist */ = {isa = PBXFileReference; lastKnownFileType = text.plist.xml; path = Info.plist; sourceTree = "<group>"; };
		2707E4101B95CD650028F09E /* ScoruriTests.m */ = {isa = PBXFileReference; lastKnownFileType = sourcecode.c.objc; path = ScoruriTests.m; sourceTree = "<group>"; };
		2707E42C1B95D60A0028F09E /* AJGame.h */ = {isa = PBXFileReference; fileEncoding = 4; lastKnownFileType = sourcecode.c.h; path = AJGame.h; sourceTree = "<group>"; };
		2707E42D1B95D60A0028F09E /* AJGame.m */ = {isa = PBXFileReference; fileEncoding = 4; lastKnownFileType = sourcecode.c.objc; path = AJGame.m; sourceTree = "<group>"; };
		2707E42E1B95D60A0028F09E /* AJPlayer.h */ = {isa = PBXFileReference; fileEncoding = 4; lastKnownFileType = sourcecode.c.h; path = AJPlayer.h; sourceTree = "<group>"; };
		2707E42F1B95D60A0028F09E /* AJPlayer.m */ = {isa = PBXFileReference; fileEncoding = 4; lastKnownFileType = sourcecode.c.objc; path = AJPlayer.m; sourceTree = "<group>"; };
		2707E4301B95D60A0028F09E /* AJScore.h */ = {isa = PBXFileReference; fileEncoding = 4; lastKnownFileType = sourcecode.c.h; path = AJScore.h; sourceTree = "<group>"; };
		2707E4311B95D60A0028F09E /* AJScore.m */ = {isa = PBXFileReference; fileEncoding = 4; lastKnownFileType = sourcecode.c.objc; path = AJScore.m; sourceTree = "<group>"; };
		2707E4371B95DBB50028F09E /* AJScoresManager.h */ = {isa = PBXFileReference; fileEncoding = 4; lastKnownFileType = sourcecode.c.h; path = AJScoresManager.h; sourceTree = "<group>"; };
		2707E4381B95DBB50028F09E /* AJScoresManager.m */ = {isa = PBXFileReference; fileEncoding = 4; lastKnownFileType = sourcecode.c.objc; path = AJScoresManager.m; sourceTree = "<group>"; };
		27300F681BB95E5500E3F184 /* VerticalScoresView.xib */ = {isa = PBXFileReference; fileEncoding = 4; lastKnownFileType = file.xib; path = VerticalScoresView.xib; sourceTree = "<group>"; };
		27300F6A1BB95EE600E3F184 /* AJVerticalScoresView.m */ = {isa = PBXFileReference; fileEncoding = 4; lastKnownFileType = sourcecode.c.objc; path = AJVerticalScoresView.m; sourceTree = "<group>"; };
		27300F6D1BB95F0500E3F184 /* AJVerticalScoresView.h */ = {isa = PBXFileReference; lastKnownFileType = sourcecode.c.h; path = AJVerticalScoresView.h; sourceTree = "<group>"; };
		27300F6E1BB9706C00E3F184 /* AJPlayersScrollViewController.h */ = {isa = PBXFileReference; lastKnownFileType = sourcecode.c.h; path = AJPlayersScrollViewController.h; sourceTree = "<group>"; };
		27300F6F1BB9709C00E3F184 /* AJPlayersScrollViewController.m */ = {isa = PBXFileReference; fileEncoding = 4; lastKnownFileType = sourcecode.c.objc; path = AJPlayersScrollViewController.m; sourceTree = "<group>"; };
		274AFEFC1C19BB6B0003C78B /* AJPlayerHeaderView.h */ = {isa = PBXFileReference; fileEncoding = 4; lastKnownFileType = sourcecode.c.h; path = AJPlayerHeaderView.h; sourceTree = "<group>"; };
		274AFEFD1C19BB6B0003C78B /* AJPlayerHeaderView.m */ = {isa = PBXFileReference; fileEncoding = 4; lastKnownFileType = sourcecode.c.objc; path = AJPlayerHeaderView.m; sourceTree = "<group>"; };
		27842BC31BD7D13E00D2FE5C /* AJScoreTableViewCell.h */ = {isa = PBXFileReference; fileEncoding = 4; lastKnownFileType = sourcecode.c.h; path = AJScoreTableViewCell.h; sourceTree = "<group>"; };
		27842BC41BD7D13E00D2FE5C /* AJScoreTableViewCell.m */ = {isa = PBXFileReference; fileEncoding = 4; lastKnownFileType = sourcecode.c.objc; path = AJScoreTableViewCell.m; sourceTree = "<group>"; };
		2786861C1B9DE0B800CB3ED2 /* AJGame+Additions.h */ = {isa = PBXFileReference; fileEncoding = 4; lastKnownFileType = sourcecode.c.h; path = "AJGame+Additions.h"; sourceTree = "<group>"; };
		2786861D1B9DE0B800CB3ED2 /* AJGame+Additions.m */ = {isa = PBXFileReference; fileEncoding = 4; lastKnownFileType = sourcecode.c.objc; path = "AJGame+Additions.m"; sourceTree = "<group>"; };
		27C8F92F1B99C3C100B5A39A /* AJPlayersTableViewController.h */ = {isa = PBXFileReference; fileEncoding = 4; lastKnownFileType = sourcecode.c.h; path = AJPlayersTableViewController.h; sourceTree = "<group>"; };
		27C8F9301B99C3C100B5A39A /* AJPlayersTableViewController.m */ = {isa = PBXFileReference; fileEncoding = 4; lastKnownFileType = sourcecode.c.objc; path = AJPlayersTableViewController.m; sourceTree = "<group>"; };
		27C8F9321B99CE4B00B5A39A /* AJScoresTableViewController.h */ = {isa = PBXFileReference; fileEncoding = 4; lastKnownFileType = sourcecode.c.h; path = AJScoresTableViewController.h; sourceTree = "<group>"; };
		27C8F9331B99CE4B00B5A39A /* AJScoresTableViewController.m */ = {isa = PBXFileReference; fileEncoding = 4; lastKnownFileType = sourcecode.c.objc; path = AJScoresTableViewController.m; sourceTree = "<group>"; };
		27CE39281B974C9A006E4EB9 /* AJGamesTableViewController.h */ = {isa = PBXFileReference; fileEncoding = 4; lastKnownFileType = sourcecode.c.h; path = AJGamesTableViewController.h; sourceTree = "<group>"; };
		27CE39291B974C9A006E4EB9 /* AJGamesTableViewController.m */ = {isa = PBXFileReference; fileEncoding = 4; lastKnownFileType = sourcecode.c.objc; path = AJGamesTableViewController.m; sourceTree = "<group>"; };
		27DE768F1BDFD55600376FFB /* AJGameCollectionViewController.h */ = {isa = PBXFileReference; fileEncoding = 4; lastKnownFileType = sourcecode.c.h; path = AJGameCollectionViewController.h; sourceTree = "<group>"; };
		27DE76901BDFD55600376FFB /* AJGameCollectionViewController.m */ = {isa = PBXFileReference; fileEncoding = 4; lastKnownFileType = sourcecode.c.objc; path = AJGameCollectionViewController.m; sourceTree = "<group>"; };
		27EBD1DD1B9EB186005FE0A5 /* AJPlayer+Additions.h */ = {isa = PBXFileReference; fileEncoding = 4; lastKnownFileType = sourcecode.c.h; path = "AJPlayer+Additions.h"; sourceTree = "<group>"; };
		27EBD1DE1B9EB186005FE0A5 /* AJPlayer+Additions.m */ = {isa = PBXFileReference; fileEncoding = 4; lastKnownFileType = sourcecode.c.objc; path = "AJPlayer+Additions.m"; sourceTree = "<group>"; };
		27EBD1E01B9EB329005FE0A5 /* AJScore+Additions.h */ = {isa = PBXFileReference; fileEncoding = 4; lastKnownFileType = sourcecode.c.h; path = "AJScore+Additions.h"; sourceTree = "<group>"; };
		27EBD1E11B9EB329005FE0A5 /* AJScore+Additions.m */ = {isa = PBXFileReference; fileEncoding = 4; lastKnownFileType = sourcecode.c.objc; path = "AJScore+Additions.m"; sourceTree = "<group>"; };
		27F200111BDA5E5B00ABE020 /* CenteredTextCell.xib */ = {isa = PBXFileReference; fileEncoding = 4; lastKnownFileType = file.xib; path = CenteredTextCell.xib; sourceTree = "<group>"; };
/* End PBXFileReference section */

/* Begin PBXFrameworksBuildPhase section */
		2707E3EB1B95CD650028F09E /* Frameworks */ = {
			isa = PBXFrameworksBuildPhase;
			buildActionMask = 2147483647;
			files = (
			);
			runOnlyForDeploymentPostprocessing = 0;
		};
		2707E4071B95CD650028F09E /* Frameworks */ = {
			isa = PBXFrameworksBuildPhase;
			buildActionMask = 2147483647;
			files = (
			);
			runOnlyForDeploymentPostprocessing = 0;
		};
/* End PBXFrameworksBuildPhase section */

/* Begin PBXGroup section */
		2707E3E51B95CD650028F09E = {
			isa = PBXGroup;
			children = (
				2707E3F01B95CD650028F09E /* Scoruri */,
				2707E40D1B95CD650028F09E /* ScoruriTests */,
				2707E3EF1B95CD650028F09E /* Products */,
			);
			sourceTree = "<group>";
		};
		2707E3EF1B95CD650028F09E /* Products */ = {
			isa = PBXGroup;
			children = (
				2707E3EE1B95CD650028F09E /* Scoruri.app */,
				2707E40A1B95CD650028F09E /* ScoruriTests.xctest */,
			);
			name = Products;
			sourceTree = "<group>";
		};
		2707E3F01B95CD650028F09E /* Scoruri */ = {
			isa = PBXGroup;
			children = (
				27CE39271B974C53006E4EB9 /* ViewControllers */,
				27300F6C1BB95EED00E3F184 /* Views */,
				2707E4361B95DB980028F09E /* Utils */,
				2707E4351B95DB800028F09E /* Model */,
				2707E3F51B95CD650028F09E /* AppDelegate.h */,
				2707E3F61B95CD650028F09E /* AppDelegate.m */,
				2707E3FB1B95CD650028F09E /* ViewController.h */,
				2707E3FC1B95CD650028F09E /* ViewController.m */,
				27300F671BB95E1B00E3F184 /* Resources */,
				2707E3F11B95CD650028F09E /* Supporting Files */,
			);
			path = Scoruri;
			sourceTree = "<group>";
		};
		2707E3F11B95CD650028F09E /* Supporting Files */ = {
			isa = PBXGroup;
			children = (
				2707E4011B95CD650028F09E /* Images.xcassets */,
				2707E4031B95CD650028F09E /* LaunchScreen.xib */,
				2707E3F21B95CD650028F09E /* Info.plist */,
				2707E3F31B95CD650028F09E /* main.m */,
			);
			name = "Supporting Files";
			sourceTree = "<group>";
		};
		2707E40D1B95CD650028F09E /* ScoruriTests */ = {
			isa = PBXGroup;
			children = (
				2707E4101B95CD650028F09E /* ScoruriTests.m */,
				2707E40E1B95CD650028F09E /* Supporting Files */,
			);
			path = ScoruriTests;
			sourceTree = "<group>";
		};
		2707E40E1B95CD650028F09E /* Supporting Files */ = {
			isa = PBXGroup;
			children = (
				2707E40F1B95CD650028F09E /* Info.plist */,
			);
			name = "Supporting Files";
			sourceTree = "<group>";
		};
		2707E4351B95DB800028F09E /* Model */ = {
			isa = PBXGroup;
			children = (
				2707E42C1B95D60A0028F09E /* AJGame.h */,
				2707E42D1B95D60A0028F09E /* AJGame.m */,
				2786861C1B9DE0B800CB3ED2 /* AJGame+Additions.h */,
				2786861D1B9DE0B800CB3ED2 /* AJGame+Additions.m */,
				2707E42E1B95D60A0028F09E /* AJPlayer.h */,
				2707E42F1B95D60A0028F09E /* AJPlayer.m */,
				27EBD1DD1B9EB186005FE0A5 /* AJPlayer+Additions.h */,
				27EBD1DE1B9EB186005FE0A5 /* AJPlayer+Additions.m */,
				2707E4301B95D60A0028F09E /* AJScore.h */,
				2707E4311B95D60A0028F09E /* AJScore.m */,
				27EBD1E01B9EB329005FE0A5 /* AJScore+Additions.h */,
				27EBD1E11B9EB329005FE0A5 /* AJScore+Additions.m */,
			);
			name = Model;
			sourceTree = "<group>";
		};
		2707E4361B95DB980028F09E /* Utils */ = {
			isa = PBXGroup;
			children = (
				2707E4371B95DBB50028F09E /* AJScoresManager.h */,
				2707E4381B95DBB50028F09E /* AJScoresManager.m */,
			);
			name = Utils;
			sourceTree = "<group>";
		};
		27300F671BB95E1B00E3F184 /* Resources */ = {
			isa = PBXGroup;
			children = (
				2707E3FE1B95CD650028F09E /* Main.storyboard */,
				27300F681BB95E5500E3F184 /* VerticalScoresView.xib */,
				2707E3F81B95CD650028F09E /* Scoruri.xcdatamodeld */,
				27F200111BDA5E5B00ABE020 /* CenteredTextCell.xib */,
			);
			name = Resources;
			sourceTree = "<group>";
		};
		27300F6C1BB95EED00E3F184 /* Views */ = {
			isa = PBXGroup;
			children = (
				27842BC31BD7D13E00D2FE5C /* AJScoreTableViewCell.h */,
				27842BC41BD7D13E00D2FE5C /* AJScoreTableViewCell.m */,
				27300F6D1BB95F0500E3F184 /* AJVerticalScoresView.h */,
				27300F6A1BB95EE600E3F184 /* AJVerticalScoresView.m */,
				2707551D1C16BF2400F23BF2 /* AJPlayerCollectionViewCell.h */,
				2707551E1C16BF2400F23BF2 /* AJPlayerCollectionViewCell.m */,
				274AFEFC1C19BB6B0003C78B /* AJPlayerHeaderView.h */,
				274AFEFD1C19BB6B0003C78B /* AJPlayerHeaderView.m */,
			);
			name = Views;
			sourceTree = "<group>";
		};
		27CE39271B974C53006E4EB9 /* ViewControllers */ = {
			isa = PBXGroup;
			children = (
				27CE39281B974C9A006E4EB9 /* AJGamesTableViewController.h */,
				27CE39291B974C9A006E4EB9 /* AJGamesTableViewController.m */,
				27C8F92F1B99C3C100B5A39A /* AJPlayersTableViewController.h */,
				27C8F9301B99C3C100B5A39A /* AJPlayersTableViewController.m */,
				27C8F9321B99CE4B00B5A39A /* AJScoresTableViewController.h */,
				27C8F9331B99CE4B00B5A39A /* AJScoresTableViewController.m */,
				27300F6E1BB9706C00E3F184 /* AJPlayersScrollViewController.h */,
				27300F6F1BB9709C00E3F184 /* AJPlayersScrollViewController.m */,
				27DE768F1BDFD55600376FFB /* AJGameCollectionViewController.h */,
				27DE76901BDFD55600376FFB /* AJGameCollectionViewController.m */,
			);
			name = ViewControllers;
			sourceTree = "<group>";
		};
/* End PBXGroup section */

/* Begin PBXNativeTarget section */
		2707E3ED1B95CD650028F09E /* Scoruri */ = {
			isa = PBXNativeTarget;
			buildConfigurationList = 2707E4141B95CD650028F09E /* Build configuration list for PBXNativeTarget "Scoruri" */;
			buildPhases = (
				2707E3EA1B95CD650028F09E /* Sources */,
				2707E3EB1B95CD650028F09E /* Frameworks */,
				2707E3EC1B95CD650028F09E /* Resources */,
			);
			buildRules = (
			);
			dependencies = (
			);
			name = Scoruri;
			productName = Scoruri;
			productReference = 2707E3EE1B95CD650028F09E /* Scoruri.app */;
			productType = "com.apple.product-type.application";
		};
		2707E4091B95CD650028F09E /* ScoruriTests */ = {
			isa = PBXNativeTarget;
			buildConfigurationList = 2707E4171B95CD650028F09E /* Build configuration list for PBXNativeTarget "ScoruriTests" */;
			buildPhases = (
				2707E4061B95CD650028F09E /* Sources */,
				2707E4071B95CD650028F09E /* Frameworks */,
				2707E4081B95CD650028F09E /* Resources */,
			);
			buildRules = (
			);
			dependencies = (
				2707E40C1B95CD650028F09E /* PBXTargetDependency */,
			);
			name = ScoruriTests;
			productName = ScoruriTests;
			productReference = 2707E40A1B95CD650028F09E /* ScoruriTests.xctest */;
			productType = "com.apple.product-type.bundle.unit-test";
		};
/* End PBXNativeTarget section */

/* Begin PBXProject section */
		2707E3E61B95CD650028F09E /* Project object */ = {
			isa = PBXProject;
			attributes = {
				LastUpgradeCheck = 0640;
				ORGANIZATIONNAME = "Anca Julean";
				TargetAttributes = {
					2707E3ED1B95CD650028F09E = {
						CreatedOnToolsVersion = 6.4;
					};
					2707E4091B95CD650028F09E = {
						CreatedOnToolsVersion = 6.4;
						TestTargetID = 2707E3ED1B95CD650028F09E;
					};
				};
			};
			buildConfigurationList = 2707E3E91B95CD650028F09E /* Build configuration list for PBXProject "Scoruri" */;
			compatibilityVersion = "Xcode 3.2";
			developmentRegion = English;
			hasScannedForEncodings = 0;
			knownRegions = (
				en,
				Base,
			);
			mainGroup = 2707E3E51B95CD650028F09E;
			productRefGroup = 2707E3EF1B95CD650028F09E /* Products */;
			projectDirPath = "";
			projectRoot = "";
			targets = (
				2707E3ED1B95CD650028F09E /* Scoruri */,
				2707E4091B95CD650028F09E /* ScoruriTests */,
			);
		};
/* End PBXProject section */

/* Begin PBXResourcesBuildPhase section */
		2707E3EC1B95CD650028F09E /* Resources */ = {
			isa = PBXResourcesBuildPhase;
			buildActionMask = 2147483647;
			files = (
				27F200121BDA5E5B00ABE020 /* CenteredTextCell.xib in Resources */,
				2707E4001B95CD650028F09E /* Main.storyboard in Resources */,
				2707E4051B95CD650028F09E /* LaunchScreen.xib in Resources */,
				2707E4021B95CD650028F09E /* Images.xcassets in Resources */,
				27300F691BB95E5500E3F184 /* VerticalScoresView.xib in Resources */,
			);
			runOnlyForDeploymentPostprocessing = 0;
		};
		2707E4081B95CD650028F09E /* Resources */ = {
			isa = PBXResourcesBuildPhase;
			buildActionMask = 2147483647;
			files = (
			);
			runOnlyForDeploymentPostprocessing = 0;
		};
/* End PBXResourcesBuildPhase section */

/* Begin PBXSourcesBuildPhase section */
		2707E3EA1B95CD650028F09E /* Sources */ = {
			isa = PBXSourcesBuildPhase;
			buildActionMask = 2147483647;
			files = (
				2786861E1B9DE0B800CB3ED2 /* AJGame+Additions.m in Sources */,
				2707E4321B95D60A0028F09E /* AJGame.m in Sources */,
				27DE76911BDFD55600376FFB /* AJGameCollectionViewController.m in Sources */,
				2707E4391B95DBB50028F09E /* AJScoresManager.m in Sources */,
				27300F701BB9709C00E3F184 /* AJPlayersScrollViewController.m in Sources */,
				2707551F1C16BF2400F23BF2 /* AJPlayerCollectionViewCell.m in Sources */,
				27EBD1E21B9EB329005FE0A5 /* AJScore+Additions.m in Sources */,
				27C8F9341B99CE4B00B5A39A /* AJScoresTableViewController.m in Sources */,
				2707E3F71B95CD650028F09E /* AppDelegate.m in Sources */,
				2707E3FA1B95CD650028F09E /* Scoruri.xcdatamodeld in Sources */,
				2707E3FD1B95CD650028F09E /* ViewController.m in Sources */,
				27842BC51BD7D13E00D2FE5C /* AJScoreTableViewCell.m in Sources */,
				2707E3F41B95CD650028F09E /* main.m in Sources */,
				2707E4341B95D60A0028F09E /* AJScore.m in Sources */,
				274AFEFE1C19BB6B0003C78B /* AJPlayerHeaderView.m in Sources */,
				27300F6B1BB95EE600E3F184 /* AJVerticalScoresView.m in Sources */,
				27CE392A1B974C9A006E4EB9 /* AJGamesTableViewController.m in Sources */,
				27EBD1DF1B9EB186005FE0A5 /* AJPlayer+Additions.m in Sources */,
				2707E4331B95D60A0028F09E /* AJPlayer.m in Sources */,
				27C8F9311B99C3C100B5A39A /* AJPlayersTableViewController.m in Sources */,
			);
			runOnlyForDeploymentPostprocessing = 0;
		};
		2707E4061B95CD650028F09E /* Sources */ = {
			isa = PBXSourcesBuildPhase;
			buildActionMask = 2147483647;
			files = (
				2707E4111B95CD650028F09E /* ScoruriTests.m in Sources */,
			);
			runOnlyForDeploymentPostprocessing = 0;
		};
/* End PBXSourcesBuildPhase section */

/* Begin PBXTargetDependency section */
		2707E40C1B95CD650028F09E /* PBXTargetDependency */ = {
			isa = PBXTargetDependency;
			target = 2707E3ED1B95CD650028F09E /* Scoruri */;
			targetProxy = 2707E40B1B95CD650028F09E /* PBXContainerItemProxy */;
		};
/* End PBXTargetDependency section */

/* Begin PBXVariantGroup section */
		2707E3FE1B95CD650028F09E /* Main.storyboard */ = {
			isa = PBXVariantGroup;
			children = (
				2707E3FF1B95CD650028F09E /* Base */,
			);
			name = Main.storyboard;
			sourceTree = "<group>";
		};
		2707E4031B95CD650028F09E /* LaunchScreen.xib */ = {
			isa = PBXVariantGroup;
			children = (
				2707E4041B95CD650028F09E /* Base */,
			);
			name = LaunchScreen.xib;
			sourceTree = "<group>";
		};
/* End PBXVariantGroup section */

/* Begin XCBuildConfiguration section */
		2707E4121B95CD650028F09E /* Debug */ = {
			isa = XCBuildConfiguration;
			buildSettings = {
				ALWAYS_SEARCH_USER_PATHS = NO;
				CLANG_CXX_LANGUAGE_STANDARD = "gnu++0x";
				CLANG_CXX_LIBRARY = "libc++";
				CLANG_ENABLE_MODULES = YES;
				CLANG_ENABLE_OBJC_ARC = YES;
				CLANG_WARN_BOOL_CONVERSION = YES;
				CLANG_WARN_CONSTANT_CONVERSION = YES;
				CLANG_WARN_DIRECT_OBJC_ISA_USAGE = YES_ERROR;
				CLANG_WARN_EMPTY_BODY = YES;
				CLANG_WARN_ENUM_CONVERSION = YES;
				CLANG_WARN_INT_CONVERSION = YES;
				CLANG_WARN_OBJC_ROOT_CLASS = YES_ERROR;
				CLANG_WARN_UNREACHABLE_CODE = YES;
				CLANG_WARN__DUPLICATE_METHOD_MATCH = YES;
				"CODE_SIGN_IDENTITY[sdk=iphoneos*]" = "iPhone Developer";
				COPY_PHASE_STRIP = NO;
				DEBUG_INFORMATION_FORMAT = "dwarf-with-dsym";
				ENABLE_STRICT_OBJC_MSGSEND = YES;
				GCC_C_LANGUAGE_STANDARD = gnu99;
				GCC_DYNAMIC_NO_PIC = NO;
				GCC_NO_COMMON_BLOCKS = YES;
				GCC_OPTIMIZATION_LEVEL = 0;
				GCC_PREPROCESSOR_DEFINITIONS = (
					"DEBUG=1",
					"$(inherited)",
				);
				GCC_SYMBOLS_PRIVATE_EXTERN = NO;
				GCC_WARN_64_TO_32_BIT_CONVERSION = YES;
				GCC_WARN_ABOUT_RETURN_TYPE = YES_ERROR;
				GCC_WARN_UNDECLARED_SELECTOR = YES;
				GCC_WARN_UNINITIALIZED_AUTOS = YES_AGGRESSIVE;
				GCC_WARN_UNUSED_FUNCTION = YES;
				GCC_WARN_UNUSED_VARIABLE = YES;
				IPHONEOS_DEPLOYMENT_TARGET = 8.4;
				MTL_ENABLE_DEBUG_INFO = YES;
				ONLY_ACTIVE_ARCH = YES;
				SDKROOT = iphoneos;
				TARGETED_DEVICE_FAMILY = "1,2";
			};
			name = Debug;
		};
		2707E4131B95CD650028F09E /* Release */ = {
			isa = XCBuildConfiguration;
			buildSettings = {
				ALWAYS_SEARCH_USER_PATHS = NO;
				CLANG_CXX_LANGUAGE_STANDARD = "gnu++0x";
				CLANG_CXX_LIBRARY = "libc++";
				CLANG_ENABLE_MODULES = YES;
				CLANG_ENABLE_OBJC_ARC = YES;
				CLANG_WARN_BOOL_CONVERSION = YES;
				CLANG_WARN_CONSTANT_CONVERSION = YES;
				CLANG_WARN_DIRECT_OBJC_ISA_USAGE = YES_ERROR;
				CLANG_WARN_EMPTY_BODY = YES;
				CLANG_WARN_ENUM_CONVERSION = YES;
				CLANG_WARN_INT_CONVERSION = YES;
				CLANG_WARN_OBJC_ROOT_CLASS = YES_ERROR;
				CLANG_WARN_UNREACHABLE_CODE = YES;
				CLANG_WARN__DUPLICATE_METHOD_MATCH = YES;
				"CODE_SIGN_IDENTITY[sdk=iphoneos*]" = "iPhone Developer";
				COPY_PHASE_STRIP = NO;
				DEBUG_INFORMATION_FORMAT = "dwarf-with-dsym";
				ENABLE_NS_ASSERTIONS = NO;
				ENABLE_STRICT_OBJC_MSGSEND = YES;
				GCC_C_LANGUAGE_STANDARD = gnu99;
				GCC_NO_COMMON_BLOCKS = YES;
				GCC_WARN_64_TO_32_BIT_CONVERSION = YES;
				GCC_WARN_ABOUT_RETURN_TYPE = YES_ERROR;
				GCC_WARN_UNDECLARED_SELECTOR = YES;
				GCC_WARN_UNINITIALIZED_AUTOS = YES_AGGRESSIVE;
				GCC_WARN_UNUSED_FUNCTION = YES;
				GCC_WARN_UNUSED_VARIABLE = YES;
				IPHONEOS_DEPLOYMENT_TARGET = 8.4;
				MTL_ENABLE_DEBUG_INFO = NO;
				SDKROOT = iphoneos;
				TARGETED_DEVICE_FAMILY = "1,2";
				VALIDATE_PRODUCT = YES;
			};
			name = Release;
		};
		2707E4151B95CD650028F09E /* Debug */ = {
			isa = XCBuildConfiguration;
			buildSettings = {
				ASSETCATALOG_COMPILER_APPICON_NAME = AppIcon;
				INFOPLIST_FILE = Scoruri/Info.plist;
				LD_RUNPATH_SEARCH_PATHS = "$(inherited) @executable_path/Frameworks";
				PRODUCT_NAME = "$(TARGET_NAME)";
			};
			name = Debug;
		};
		2707E4161B95CD650028F09E /* Release */ = {
			isa = XCBuildConfiguration;
			buildSettings = {
				ASSETCATALOG_COMPILER_APPICON_NAME = AppIcon;
				INFOPLIST_FILE = Scoruri/Info.plist;
				LD_RUNPATH_SEARCH_PATHS = "$(inherited) @executable_path/Frameworks";
				PRODUCT_NAME = "$(TARGET_NAME)";
			};
			name = Release;
		};
		2707E4181B95CD650028F09E /* Debug */ = {
			isa = XCBuildConfiguration;
			buildSettings = {
				BUNDLE_LOADER = "$(TEST_HOST)";
				FRAMEWORK_SEARCH_PATHS = (
					"$(SDKROOT)/Developer/Library/Frameworks",
					"$(inherited)",
				);
				GCC_PREPROCESSOR_DEFINITIONS = (
					"DEBUG=1",
					"$(inherited)",
				);
				INFOPLIST_FILE = ScoruriTests/Info.plist;
				LD_RUNPATH_SEARCH_PATHS = "$(inherited) @executable_path/Frameworks @loader_path/Frameworks";
				PRODUCT_NAME = "$(TARGET_NAME)";
				TEST_HOST = "$(BUILT_PRODUCTS_DIR)/Scoruri.app/Scoruri";
			};
			name = Debug;
		};
		2707E4191B95CD650028F09E /* Release */ = {
			isa = XCBuildConfiguration;
			buildSettings = {
				BUNDLE_LOADER = "$(TEST_HOST)";
				FRAMEWORK_SEARCH_PATHS = (
					"$(SDKROOT)/Developer/Library/Frameworks",
					"$(inherited)",
				);
				INFOPLIST_FILE = ScoruriTests/Info.plist;
				LD_RUNPATH_SEARCH_PATHS = "$(inherited) @executable_path/Frameworks @loader_path/Frameworks";
				PRODUCT_NAME = "$(TARGET_NAME)";
				TEST_HOST = "$(BUILT_PRODUCTS_DIR)/Scoruri.app/Scoruri";
			};
			name = Release;
		};
/* End XCBuildConfiguration section */

/* Begin XCConfigurationList section */
		2707E3E91B95CD650028F09E /* Build configuration list for PBXProject "Scoruri" */ = {
			isa = XCConfigurationList;
			buildConfigurations = (
				2707E4121B95CD650028F09E /* Debug */,
				2707E4131B95CD650028F09E /* Release */,
			);
			defaultConfigurationIsVisible = 0;
			defaultConfigurationName = Release;
		};
		2707E4141B95CD650028F09E /* Build configuration list for PBXNativeTarget "Scoruri" */ = {
			isa = XCConfigurationList;
			buildConfigurations = (
				2707E4151B95CD650028F09E /* Debug */,
				2707E4161B95CD650028F09E /* Release */,
			);
			defaultConfigurationIsVisible = 0;
			defaultConfigurationName = Release;
		};
		2707E4171B95CD650028F09E /* Build configuration list for PBXNativeTarget "ScoruriTests" */ = {
			isa = XCConfigurationList;
			buildConfigurations = (
				2707E4181B95CD650028F09E /* Debug */,
				2707E4191B95CD650028F09E /* Release */,
			);
			defaultConfigurationIsVisible = 0;
			defaultConfigurationName = Release;
		};
/* End XCConfigurationList section */

/* Begin XCVersionGroup section */
		2707E3F81B95CD650028F09E /* Scoruri.xcdatamodeld */ = {
			isa = XCVersionGroup;
			children = (
				2707E3F91B95CD650028F09E /* Scoruri.xcdatamodel */,
			);
			currentVersion = 2707E3F91B95CD650028F09E /* Scoruri.xcdatamodel */;
			path = Scoruri.xcdatamodeld;
			sourceTree = "<group>";
			versionGroupType = wrapper.xcdatamodel;
		};
/* End XCVersionGroup section */
	};
	rootObject = 2707E3E61B95CD650028F09E /* Project object */;
}
